
Microsoft Visual Studio Solution File, Format Version 12.00
# Visual Studio Version 16
VisualStudioVersion = 16.0.31702.278
MinimumVisualStudioVersion = 10.0.40219.1
Project("{8BC9CEB8-8B4A-11D0-8D11-00A0C91BC942}") = "Project2", "Project2\Project2.vcxproj", "{9AFD6C05-6349-4224-A908-378B8160E290}"
EndProject
Project("{8BC9CEB8-8B4A-11D0-8D11-00A0C91BC942}") = "Project4", "Project4\Project4.vcxproj", "{CAB45353-29A1-46B4-AA1B-72833BF1BADE}"
EndProject
Project("{8BC9CEB8-8B4A-11D0-8D11-00A0C91BC942}") = "Project5", "Project5\Project5.vcxproj", "{0BE8F034-2E41-4662-94EC-1FFE6E8806A4}"
EndProject
Project("{8BC9CEB8-8B4A-11D0-8D11-00A0C91BC942}") = "Project8", "Project8\Project8.vcxproj", "{40FB0602-B5ED-4A6A-BB7C-7FD47BDDA282}"
EndProject
Project("{8BC9CEB8-8B4A-11D0-8D11-00A0C91BC942}") = "Project9", "Project9\Project9.vcxproj", "{1400C390-D8AE-462A-ADF9-EAAE4368D1D9}"
EndProject
Project("{8BC9CEB8-8B4A-11D0-8D11-00A0C91BC942}") = "Project7", "Project7\Project7.vcxproj", "{19E7C1E2-42A6-42F3-B0CE-46B5A3DCCC3F}"
EndProject
Project("{8BC9CEB8-8B4A-11D0-8D11-00A0C91BC942}") = "Project6", "Project6\Project6.vcxproj", "{FD2500D1-3CD4-413A-A844-5A6DEF0CE527}"
EndProject
Project("{8BC9CEB8-8B4A-11D0-8D11-00A0C91BC942}") = "Project1", "Project1\Project1.vcxproj", "{9D80D95F-C050-495B-AA37-914964C86484}"
EndProject
Project("{8BC9CEB8-8B4A-11D0-8D11-00A0C91BC942}") = "Project3", "Project3\Project3.vcxproj", "{575FEB66-A8B8-46D1-9A2A-02A926D85456}"
EndProject
Global
	GlobalSection(SolutionConfigurationPlatforms) = preSolution
		Debug|x64 = Debug|x64
		Debug|x86 = Debug|x86
		Release|x64 = Release|x64
		Release|x86 = Release|x86
	EndGlobalSection
	GlobalSection(ProjectConfigurationPlatforms) = postSolution
		{9AFD6C05-6349-4224-A908-378B8160E290}.Debug|x64.ActiveCfg = Debug|x64
		{9AFD6C05-6349-4224-A908-378B8160E290}.Debug|x64.Build.0 = Debug|x64
		{9AFD6C05-6349-4224-A908-378B8160E290}.Debug|x86.ActiveCfg = Debug|Win32
		{9AFD6C05-6349-4224-A908-378B8160E290}.Debug|x86.Build.0 = Debug|Win32
		{9AFD6C05-6349-4224-A908-378B8160E290}.Release|x64.ActiveCfg = Release|x64
		{9AFD6C05-6349-4224-A908-378B8160E290}.Release|x64.Build.0 = Release|x64
		{9AFD6C05-6349-4224-A908-378B8160E290}.Release|x86.ActiveCfg = Release|Win32
		{9AFD6C05-6349-4224-A908-378B8160E290}.Release|x86.Build.0 = Release|Win32
		{CAB45353-29A1-46B4-AA1B-72833BF1BADE}.Debug|x64.ActiveCfg = Debug|x64
		{CAB45353-29A1-46B4-AA1B-72833BF1BADE}.Debug|x64.Build.0 = Debug|x64
		{CAB45353-29A1-46B4-AA1B-72833BF1BADE}.Debug|x86.ActiveCfg = Debug|Win32
		{CAB45353-29A1-46B4-AA1B-72833BF1BADE}.Debug|x86.Build.0 = Debug|Win32
		{CAB45353-29A1-46B4-AA1B-72833BF1BADE}.Release|x64.ActiveCfg = Release|x64
		{CAB45353-29A1-46B4-AA1B-72833BF1BADE}.Release|x64.Build.0 = Release|x64
		{CAB45353-29A1-46B4-AA1B-72833BF1BADE}.Release|x86.ActiveCfg = Release|Win32
		{CAB45353-29A1-46B4-AA1B-72833BF1BADE}.Release|x86.Build.0 = Release|Win32
		{0BE8F034-2E41-4662-94EC-1FFE6E8806A4}.Debug|x64.ActiveCfg = Debug|x64
		{0BE8F034-2E41-4662-94EC-1FFE6E8806A4}.Debug|x64.Build.0 = Debug|x64
		{0BE8F034-2E41-4662-94EC-1FFE6E8806A4}.Debug|x86.ActiveCfg = Debug|Win32
		{0BE8F034-2E41-4662-94EC-1FFE6E8806A4}.Debug|x86.Build.0 = Debug|Win32
		{0BE8F034-2E41-4662-94EC-1FFE6E8806A4}.Release|x64.ActiveCfg = Release|x64
		{0BE8F034-2E41-4662-94EC-1FFE6E8806A4}.Release|x64.Build.0 = Release|x64
		{0BE8F034-2E41-4662-94EC-1FFE6E8806A4}.Release|x86.ActiveCfg = Release|Win32
		{0BE8F034-2E41-4662-94EC-1FFE6E8806A4}.Release|x86.Build.0 = Release|Win32
		{40FB0602-B5ED-4A6A-BB7C-7FD47BDDA282}.Debug|x64.ActiveCfg = Debug|x64
		{40FB0602-B5ED-4A6A-BB7C-7FD47BDDA282}.Debug|x64.Build.0 = Debug|x64
		{40FB0602-B5ED-4A6A-BB7C-7FD47BDDA282}.Debug|x86.ActiveCfg = Debug|Win32
		{40FB0602-B5ED-4A6A-BB7C-7FD47BDDA282}.Debug|x86.Build.0 = Debug|Win32
		{40FB0602-B5ED-4A6A-BB7C-7FD47BDDA282}.Release|x64.ActiveCfg = Release|x64
		{40FB0602-B5ED-4A6A-BB7C-7FD47BDDA282}.Release|x64.Build.0 = Release|x64
		{40FB0602-B5ED-4A6A-BB7C-7FD47BDDA282}.Release|x86.ActiveCfg = Release|Win32
		{40FB0602-B5ED-4A6A-BB7C-7FD47BDDA282}.Release|x86.Build.0 = Release|Win32
		{1400C390-D8AE-462A-ADF9-EAAE4368D1D9}.Debug|x64.ActiveCfg = Debug|x64
		{1400C390-D8AE-462A-ADF9-EAAE4368D1D9}.Debug|x64.Build.0 = Debug|x64
		{1400C390-D8AE-462A-ADF9-EAAE4368D1D9}.Debug|x86.ActiveCfg = Debug|Win32
		{1400C390-D8AE-462A-ADF9-EAAE4368D1D9}.Debug|x86.Build.0 = Debug|Win32
		{1400C390-D8AE-462A-ADF9-EAAE4368D1D9}.Release|x64.ActiveCfg = Release|x64
		{1400C390-D8AE-462A-ADF9-EAAE4368D1D9}.Release|x64.Build.0 = Release|x64
		{1400C390-D8AE-462A-ADF9-EAAE4368D1D9}.Release|x86.ActiveCfg = Release|Win32
		{1400C390-D8AE-462A-ADF9-EAAE4368D1D9}.Release|x86.Build.0 = Release|Win32
		{19E7C1E2-42A6-42F3-B0CE-46B5A3DCCC3F}.Debug|x64.ActiveCfg = Debug|x64
		{19E7C1E2-42A6-42F3-B0CE-46B5A3DCCC3F}.Debug|x64.Build.0 = Debug|x64
		{19E7C1E2-42A6-42F3-B0CE-46B5A3DCCC3F}.Debug|x86.ActiveCfg = Debug|Win32
		{19E7C1E2-42A6-42F3-B0CE-46B5A3DCCC3F}.Debug|x86.Build.0 = Debug|Win32
		{19E7C1E2-42A6-42F3-B0CE-46B5A3DCCC3F}.Release|x64.ActiveCfg = Release|x64
		{19E7C1E2-42A6-42F3-B0CE-46B5A3DCCC3F}.Release|x64.Build.0 = Release|x64
		{19E7C1E2-42A6-42F3-B0CE-46B5A3DCCC3F}.Release|x86.ActiveCfg = Release|Win32
		{19E7C1E2-42A6-42F3-B0CE-46B5A3DCCC3F}.Release|x86.Build.0 = Release|Win32
		{FD2500D1-3CD4-413A-A844-5A6DEF0CE527}.Debug|x64.ActiveCfg = Debug|x64
		{FD2500D1-3CD4-413A-A844-5A6DEF0CE527}.Debug|x64.Build.0 = Debug|x64
		{FD2500D1-3CD4-413A-A844-5A6DEF0CE527}.Debug|x86.ActiveCfg = Debug|Win32
		{FD2500D1-3CD4-413A-A844-5A6DEF0CE527}.Debug|x86.Build.0 = Debug|Win32
		{FD2500D1-3CD4-413A-A844-5A6DEF0CE527}.Release|x64.ActiveCfg = Release|x64
		{FD2500D1-3CD4-413A-A844-5A6DEF0CE527}.Release|x64.Build.0 = Release|x64
		{FD2500D1-3CD4-413A-A844-5A6DEF0CE527}.Release|x86.ActiveCfg = Release|Win32
		{FD2500D1-3CD4-413A-A844-5A6DEF0CE527}.Release|x86.Build.0 = Release|Win32
		{9D80D95F-C050-495B-AA37-914964C86484}.Debug|x64.ActiveCfg = Debug|x64
		{9D80D95F-C050-495B-AA37-914964C86484}.Debug|x64.Build.0 = Debug|x64
		{9D80D95F-C050-495B-AA37-914964C86484}.Debug|x86.ActiveCfg = Debug|Win32
		{9D80D95F-C050-495B-AA37-914964C86484}.Debug|x86.Build.0 = Debug|Win32
		{9D80D95F-C050-495B-AA37-914964C86484}.Release|x64.ActiveCfg = Release|x64
		{9D80D95F-C050-495B-AA37-914964C86484}.Release|x64.Build.0 = Release|x64
		{9D80D95F-C050-495B-AA37-914964C86484}.Release|x86.ActiveCfg = Release|Win32
		{9D80D95F-C050-495B-AA37-914964C86484}.Release|x86.Build.0 = Release|Win32
		{575FEB66-A8B8-46D1-9A2A-02A926D85456}.Debug|x64.ActiveCfg = Debug|x64
		{575FEB66-A8B8-46D1-9A2A-02A926D85456}.Debug|x64.Build.0 = Debug|x64
		{575FEB66-A8B8-46D1-9A2A-02A926D85456}.Debug|x86.ActiveCfg = Debug|Win32
		{575FEB66-A8B8-46D1-9A2A-02A926D85456}.Debug|x86.Build.0 = Debug|Win32
		{575FEB66-A8B8-46D1-9A2A-02A926D85456}.Release|x64.ActiveCfg = Release|x64
		{575FEB66-A8B8-46D1-9A2A-02A926D85456}.Release|x64.Build.0 = Release|x64
		{575FEB66-A8B8-46D1-9A2A-02A926D85456}.Release|x86.ActiveCfg = Release|Win32
		{575FEB66-A8B8-46D1-9A2A-02A926D85456}.Release|x86.Build.0 = Release|Win32
	EndGlobalSection
	GlobalSection(SolutionProperties) = preSolution
		HideSolutionNode = FALSE
	EndGlobalSection
	GlobalSection(ExtensibilityGlobals) = postSolution
		SolutionGuid = {25E5BE5A-E7ED-46EA-BC4D-91CEF667F164}
	EndGlobalSection
EndGlobal
