
Microsoft Visual Studio Solution File, Format Version 12.00
# Visual Studio 14
VisualStudioVersion = 14.0.25420.1
MinimumVisualStudioVersion = 10.0.40219.1
Project("{8BC9CEB8-8B4A-11D0-8D11-00A0C91BC942}") = "Project1", "Project1\Project1.vcxproj", "{B8BDB6CE-0736-4E44-A938-F0DC3246AEB6}"
EndProject
Project("{8BC9CEB8-8B4A-11D0-8D11-00A0C91BC942}") = "Project2", "Project2\Project2.vcxproj", "{DBE77734-8EFE-4AFB-ADDA-1ABB6E797867}"
EndProject
Project("{8BC9CEB8-8B4A-11D0-8D11-00A0C91BC942}") = "Project3", "Project3\Project3.vcxproj", "{52F3CF5A-EE1F-416D-A3CA-220F550726B1}"
EndProject
Project("{8BC9CEB8-8B4A-11D0-8D11-00A0C91BC942}") = "Project4", "Project4\Project4.vcxproj", "{81A9DDBA-F3E8-425B-899A-DBC46BD81B5F}"
EndProject
Project("{8BC9CEB8-8B4A-11D0-8D11-00A0C91BC942}") = "Project5", "Project5\Project5.vcxproj", "{CEB15917-7F7A-4B3B-8C7C-2F6E10AC643D}"
EndProject
Project("{8BC9CEB8-8B4A-11D0-8D11-00A0C91BC942}") = "Project6", "Project6\Project6.vcxproj", "{102BE940-656B-4617-8F81-1E3F40AD7102}"
EndProject
Project("{8BC9CEB8-8B4A-11D0-8D11-00A0C91BC942}") = "Project7", "Project7\Project7.vcxproj", "{93170E05-B76A-4E1E-B5EB-1121F15663FF}"
EndProject
Project("{8BC9CEB8-8B4A-11D0-8D11-00A0C91BC942}") = "Project8", "Project8\Project8.vcxproj", "{E6118763-FD49-4524-94D3-EC3009B23D6A}"
EndProject
Project("{8BC9CEB8-8B4A-11D0-8D11-00A0C91BC942}") = "Project9", "Project9\Project9.vcxproj", "{A5FE4626-F6B0-41D5-BC34-6FB3B62267D4}"
EndProject
Project("{8BC9CEB8-8B4A-11D0-8D11-00A0C91BC942}") = "Project10", "Project10\Project10.vcxproj", "{1EE048BF-9D7D-409F-82B0-F613C066AFF3}"
EndProject
Global
	GlobalSection(SolutionConfigurationPlatforms) = preSolution
		Debug|x64 = Debug|x64
		Debug|x86 = Debug|x86
		Release|x64 = Release|x64
		Release|x86 = Release|x86
	EndGlobalSection
	GlobalSection(ProjectConfigurationPlatforms) = postSolution
		{B8BDB6CE-0736-4E44-A938-F0DC3246AEB6}.Debug|x64.ActiveCfg = Debug|x64
		{B8BDB6CE-0736-4E44-A938-F0DC3246AEB6}.Debug|x64.Build.0 = Debug|x64
		{B8BDB6CE-0736-4E44-A938-F0DC3246AEB6}.Debug|x86.ActiveCfg = Debug|Win32
		{B8BDB6CE-0736-4E44-A938-F0DC3246AEB6}.Debug|x86.Build.0 = Debug|Win32
		{B8BDB6CE-0736-4E44-A938-F0DC3246AEB6}.Release|x64.ActiveCfg = Release|x64
		{B8BDB6CE-0736-4E44-A938-F0DC3246AEB6}.Release|x64.Build.0 = Release|x64
		{B8BDB6CE-0736-4E44-A938-F0DC3246AEB6}.Release|x86.ActiveCfg = Release|Win32
		{B8BDB6CE-0736-4E44-A938-F0DC3246AEB6}.Release|x86.Build.0 = Release|Win32
		{DBE77734-8EFE-4AFB-ADDA-1ABB6E797867}.Debug|x64.ActiveCfg = Debug|x64
		{DBE77734-8EFE-4AFB-ADDA-1ABB6E797867}.Debug|x64.Build.0 = Debug|x64
		{DBE77734-8EFE-4AFB-ADDA-1ABB6E797867}.Debug|x86.ActiveCfg = Debug|Win32
		{DBE77734-8EFE-4AFB-ADDA-1ABB6E797867}.Debug|x86.Build.0 = Debug|Win32
		{DBE77734-8EFE-4AFB-ADDA-1ABB6E797867}.Release|x64.ActiveCfg = Release|x64
		{DBE77734-8EFE-4AFB-ADDA-1ABB6E797867}.Release|x64.Build.0 = Release|x64
		{DBE77734-8EFE-4AFB-ADDA-1ABB6E797867}.Release|x86.ActiveCfg = Release|Win32
		{DBE77734-8EFE-4AFB-ADDA-1ABB6E797867}.Release|x86.Build.0 = Release|Win32
		{52F3CF5A-EE1F-416D-A3CA-220F550726B1}.Debug|x64.ActiveCfg = Debug|x64
		{52F3CF5A-EE1F-416D-A3CA-220F550726B1}.Debug|x64.Build.0 = Debug|x64
		{52F3CF5A-EE1F-416D-A3CA-220F550726B1}.Debug|x86.ActiveCfg = Debug|Win32
		{52F3CF5A-EE1F-416D-A3CA-220F550726B1}.Debug|x86.Build.0 = Debug|Win32
		{52F3CF5A-EE1F-416D-A3CA-220F550726B1}.Release|x64.ActiveCfg = Release|x64
		{52F3CF5A-EE1F-416D-A3CA-220F550726B1}.Release|x64.Build.0 = Release|x64
		{52F3CF5A-EE1F-416D-A3CA-220F550726B1}.Release|x86.ActiveCfg = Release|Win32
		{52F3CF5A-EE1F-416D-A3CA-220F550726B1}.Release|x86.Build.0 = Release|Win32
		{81A9DDBA-F3E8-425B-899A-DBC46BD81B5F}.Debug|x64.ActiveCfg = Debug|x64
		{81A9DDBA-F3E8-425B-899A-DBC46BD81B5F}.Debug|x64.Build.0 = Debug|x64
		{81A9DDBA-F3E8-425B-899A-DBC46BD81B5F}.Debug|x86.ActiveCfg = Debug|Win32
		{81A9DDBA-F3E8-425B-899A-DBC46BD81B5F}.Debug|x86.Build.0 = Debug|Win32
		{81A9DDBA-F3E8-425B-899A-DBC46BD81B5F}.Release|x64.ActiveCfg = Release|x64
		{81A9DDBA-F3E8-425B-899A-DBC46BD81B5F}.Release|x64.Build.0 = Release|x64
		{81A9DDBA-F3E8-425B-899A-DBC46BD81B5F}.Release|x86.ActiveCfg = Release|Win32
		{81A9DDBA-F3E8-425B-899A-DBC46BD81B5F}.Release|x86.Build.0 = Release|Win32
		{CEB15917-7F7A-4B3B-8C7C-2F6E10AC643D}.Debug|x64.ActiveCfg = Debug|x64
		{CEB15917-7F7A-4B3B-8C7C-2F6E10AC643D}.Debug|x64.Build.0 = Debug|x64
		{CEB15917-7F7A-4B3B-8C7C-2F6E10AC643D}.Debug|x86.ActiveCfg = Debug|Win32
		{CEB15917-7F7A-4B3B-8C7C-2F6E10AC643D}.Debug|x86.Build.0 = Debug|Win32
		{CEB15917-7F7A-4B3B-8C7C-2F6E10AC643D}.Release|x64.ActiveCfg = Release|x64
		{CEB15917-7F7A-4B3B-8C7C-2F6E10AC643D}.Release|x64.Build.0 = Release|x64
		{CEB15917-7F7A-4B3B-8C7C-2F6E10AC643D}.Release|x86.ActiveCfg = Release|Win32
		{CEB15917-7F7A-4B3B-8C7C-2F6E10AC643D}.Release|x86.Build.0 = Release|Win32
		{102BE940-656B-4617-8F81-1E3F40AD7102}.Debug|x64.ActiveCfg = Debug|x64
		{102BE940-656B-4617-8F81-1E3F40AD7102}.Debug|x64.Build.0 = Debug|x64
		{102BE940-656B-4617-8F81-1E3F40AD7102}.Debug|x86.ActiveCfg = Debug|Win32
		{102BE940-656B-4617-8F81-1E3F40AD7102}.Debug|x86.Build.0 = Debug|Win32
		{102BE940-656B-4617-8F81-1E3F40AD7102}.Release|x64.ActiveCfg = Release|x64
		{102BE940-656B-4617-8F81-1E3F40AD7102}.Release|x64.Build.0 = Release|x64
		{102BE940-656B-4617-8F81-1E3F40AD7102}.Release|x86.ActiveCfg = Release|Win32
		{102BE940-656B-4617-8F81-1E3F40AD7102}.Release|x86.Build.0 = Release|Win32
		{93170E05-B76A-4E1E-B5EB-1121F15663FF}.Debug|x64.ActiveCfg = Debug|x64
		{93170E05-B76A-4E1E-B5EB-1121F15663FF}.Debug|x64.Build.0 = Debug|x64
		{93170E05-B76A-4E1E-B5EB-1121F15663FF}.Debug|x86.ActiveCfg = Debug|Win32
		{93170E05-B76A-4E1E-B5EB-1121F15663FF}.Debug|x86.Build.0 = Debug|Win32
		{93170E05-B76A-4E1E-B5EB-1121F15663FF}.Release|x64.ActiveCfg = Release|x64
		{93170E05-B76A-4E1E-B5EB-1121F15663FF}.Release|x64.Build.0 = Release|x64
		{93170E05-B76A-4E1E-B5EB-1121F15663FF}.Release|x86.ActiveCfg = Release|Win32
		{93170E05-B76A-4E1E-B5EB-1121F15663FF}.Release|x86.Build.0 = Release|Win32
		{E6118763-FD49-4524-94D3-EC3009B23D6A}.Debug|x64.ActiveCfg = Debug|x64
		{E6118763-FD49-4524-94D3-EC3009B23D6A}.Debug|x64.Build.0 = Debug|x64
		{E6118763-FD49-4524-94D3-EC3009B23D6A}.Debug|x86.ActiveCfg = Debug|Win32
		{E6118763-FD49-4524-94D3-EC3009B23D6A}.Debug|x86.Build.0 = Debug|Win32
		{E6118763-FD49-4524-94D3-EC3009B23D6A}.Release|x64.ActiveCfg = Release|x64
		{E6118763-FD49-4524-94D3-EC3009B23D6A}.Release|x64.Build.0 = Release|x64
		{E6118763-FD49-4524-94D3-EC3009B23D6A}.Release|x86.ActiveCfg = Release|Win32
		{E6118763-FD49-4524-94D3-EC3009B23D6A}.Release|x86.Build.0 = Release|Win32
		{A5FE4626-F6B0-41D5-BC34-6FB3B62267D4}.Debug|x64.ActiveCfg = Debug|x64
		{A5FE4626-F6B0-41D5-BC34-6FB3B62267D4}.Debug|x64.Build.0 = Debug|x64
		{A5FE4626-F6B0-41D5-BC34-6FB3B62267D4}.Debug|x86.ActiveCfg = Debug|Win32
		{A5FE4626-F6B0-41D5-BC34-6FB3B62267D4}.Debug|x86.Build.0 = Debug|Win32
		{A5FE4626-F6B0-41D5-BC34-6FB3B62267D4}.Release|x64.ActiveCfg = Release|x64
		{A5FE4626-F6B0-41D5-BC34-6FB3B62267D4}.Release|x64.Build.0 = Release|x64
		{A5FE4626-F6B0-41D5-BC34-6FB3B62267D4}.Release|x86.ActiveCfg = Release|Win32
		{A5FE4626-F6B0-41D5-BC34-6FB3B62267D4}.Release|x86.Build.0 = Release|Win32
		{1EE048BF-9D7D-409F-82B0-F613C066AFF3}.Debug|x64.ActiveCfg = Debug|x64
		{1EE048BF-9D7D-409F-82B0-F613C066AFF3}.Debug|x64.Build.0 = Debug|x64
		{1EE048BF-9D7D-409F-82B0-F613C066AFF3}.Debug|x86.ActiveCfg = Debug|Win32
		{1EE048BF-9D7D-409F-82B0-F613C066AFF3}.Debug|x86.Build.0 = Debug|Win32
		{1EE048BF-9D7D-409F-82B0-F613C066AFF3}.Release|x64.ActiveCfg = Release|x64
		{1EE048BF-9D7D-409F-82B0-F613C066AFF3}.Release|x64.Build.0 = Release|x64
		{1EE048BF-9D7D-409F-82B0-F613C066AFF3}.Release|x86.ActiveCfg = Release|Win32
		{1EE048BF-9D7D-409F-82B0-F613C066AFF3}.Release|x86.Build.0 = Release|Win32
	EndGlobalSection
	GlobalSection(SolutionProperties) = preSolution
		HideSolutionNode = FALSE
	EndGlobalSection
EndGlobal
