
Microsoft Visual Studio Solution File, Format Version 12.00
# Visual Studio Version 16
VisualStudioVersion = 16.0.31702.278
MinimumVisualStudioVersion = 10.0.40219.1
Project("{8BC9CEB8-8B4A-11D0-8D11-00A0C91BC942}") = "Project1", "Homework-4\Homework-4.vcxproj", "{FBF4FCF9-099D-48FF-9B70-CE85FE35404E}"
EndProject
Project("{8BC9CEB8-8B4A-11D0-8D11-00A0C91BC942}") = "Project2", "Project2\Project2.vcxproj", "{8E3C3F0C-56D0-4514-B10B-F5EC050431D8}"
EndProject
Project("{8BC9CEB8-8B4A-11D0-8D11-00A0C91BC942}") = "Project3", "Project3\Project3.vcxproj", "{20D555EC-B744-47B1-B681-269166D1EACA}"
EndProject
Project("{8BC9CEB8-8B4A-11D0-8D11-00A0C91BC942}") = "Project4", "Project4\Project4.vcxproj", "{8C12DE06-2D6C-418F-B651-6C3C4A0B6949}"
EndProject
Project("{8BC9CEB8-8B4A-11D0-8D11-00A0C91BC942}") = "Project5", "Project5\Project5.vcxproj", "{032FE977-B4E1-4D18-9FAD-7E3C3E56F259}"
EndProject
Project("{8BC9CEB8-8B4A-11D0-8D11-00A0C91BC942}") = "Project6", "Project6\Project6.vcxproj", "{EEE294A5-6525-4073-A6A8-8A59F2EEAC3E}"
EndProject
Project("{8BC9CEB8-8B4A-11D0-8D11-00A0C91BC942}") = "Project7", "Project7\Project7.vcxproj", "{A9613419-D76E-4549-B285-6CD91B478EEA}"
EndProject
Project("{8BC9CEB8-8B4A-11D0-8D11-00A0C91BC942}") = "Project8", "Project8\Project8.vcxproj", "{658D1BEE-AF38-44D8-BF85-CBE04E29DF8A}"
EndProject
Project("{8BC9CEB8-8B4A-11D0-8D11-00A0C91BC942}") = "Project9", "Project9\Project9.vcxproj", "{1CD1EC33-41B0-44EF-9BA3-FA5533B232A5}"
EndProject
Project("{8BC9CEB8-8B4A-11D0-8D11-00A0C91BC942}") = "Project10", "Project10\Project10.vcxproj", "{A98FA869-2758-47DE-9CE5-C1CFCDA75DE7}"
EndProject
Global
	GlobalSection(SolutionConfigurationPlatforms) = preSolution
		Debug|x64 = Debug|x64
		Debug|x86 = Debug|x86
		Release|x64 = Release|x64
		Release|x86 = Release|x86
	EndGlobalSection
	GlobalSection(ProjectConfigurationPlatforms) = postSolution
		{FBF4FCF9-099D-48FF-9B70-CE85FE35404E}.Debug|x64.ActiveCfg = Debug|x64
		{FBF4FCF9-099D-48FF-9B70-CE85FE35404E}.Debug|x64.Build.0 = Debug|x64
		{FBF4FCF9-099D-48FF-9B70-CE85FE35404E}.Debug|x86.ActiveCfg = Debug|Win32
		{FBF4FCF9-099D-48FF-9B70-CE85FE35404E}.Debug|x86.Build.0 = Debug|Win32
		{FBF4FCF9-099D-48FF-9B70-CE85FE35404E}.Release|x64.ActiveCfg = Release|x64
		{FBF4FCF9-099D-48FF-9B70-CE85FE35404E}.Release|x64.Build.0 = Release|x64
		{FBF4FCF9-099D-48FF-9B70-CE85FE35404E}.Release|x86.ActiveCfg = Release|Win32
		{FBF4FCF9-099D-48FF-9B70-CE85FE35404E}.Release|x86.Build.0 = Release|Win32
		{8E3C3F0C-56D0-4514-B10B-F5EC050431D8}.Debug|x64.ActiveCfg = Debug|x64
		{8E3C3F0C-56D0-4514-B10B-F5EC050431D8}.Debug|x64.Build.0 = Debug|x64
		{8E3C3F0C-56D0-4514-B10B-F5EC050431D8}.Debug|x86.ActiveCfg = Debug|Win32
		{8E3C3F0C-56D0-4514-B10B-F5EC050431D8}.Debug|x86.Build.0 = Debug|Win32
		{8E3C3F0C-56D0-4514-B10B-F5EC050431D8}.Release|x64.ActiveCfg = Release|x64
		{8E3C3F0C-56D0-4514-B10B-F5EC050431D8}.Release|x64.Build.0 = Release|x64
		{8E3C3F0C-56D0-4514-B10B-F5EC050431D8}.Release|x86.ActiveCfg = Release|Win32
		{8E3C3F0C-56D0-4514-B10B-F5EC050431D8}.Release|x86.Build.0 = Release|Win32
		{20D555EC-B744-47B1-B681-269166D1EACA}.Debug|x64.ActiveCfg = Debug|x64
		{20D555EC-B744-47B1-B681-269166D1EACA}.Debug|x64.Build.0 = Debug|x64
		{20D555EC-B744-47B1-B681-269166D1EACA}.Debug|x86.ActiveCfg = Debug|Win32
		{20D555EC-B744-47B1-B681-269166D1EACA}.Debug|x86.Build.0 = Debug|Win32
		{20D555EC-B744-47B1-B681-269166D1EACA}.Release|x64.ActiveCfg = Release|x64
		{20D555EC-B744-47B1-B681-269166D1EACA}.Release|x64.Build.0 = Release|x64
		{20D555EC-B744-47B1-B681-269166D1EACA}.Release|x86.ActiveCfg = Release|Win32
		{20D555EC-B744-47B1-B681-269166D1EACA}.Release|x86.Build.0 = Release|Win32
		{8C12DE06-2D6C-418F-B651-6C3C4A0B6949}.Debug|x64.ActiveCfg = Debug|x64
		{8C12DE06-2D6C-418F-B651-6C3C4A0B6949}.Debug|x64.Build.0 = Debug|x64
		{8C12DE06-2D6C-418F-B651-6C3C4A0B6949}.Debug|x86.ActiveCfg = Debug|Win32
		{8C12DE06-2D6C-418F-B651-6C3C4A0B6949}.Debug|x86.Build.0 = Debug|Win32
		{8C12DE06-2D6C-418F-B651-6C3C4A0B6949}.Release|x64.ActiveCfg = Release|x64
		{8C12DE06-2D6C-418F-B651-6C3C4A0B6949}.Release|x64.Build.0 = Release|x64
		{8C12DE06-2D6C-418F-B651-6C3C4A0B6949}.Release|x86.ActiveCfg = Release|Win32
		{8C12DE06-2D6C-418F-B651-6C3C4A0B6949}.Release|x86.Build.0 = Release|Win32
		{032FE977-B4E1-4D18-9FAD-7E3C3E56F259}.Debug|x64.ActiveCfg = Debug|x64
		{032FE977-B4E1-4D18-9FAD-7E3C3E56F259}.Debug|x64.Build.0 = Debug|x64
		{032FE977-B4E1-4D18-9FAD-7E3C3E56F259}.Debug|x86.ActiveCfg = Debug|Win32
		{032FE977-B4E1-4D18-9FAD-7E3C3E56F259}.Debug|x86.Build.0 = Debug|Win32
		{032FE977-B4E1-4D18-9FAD-7E3C3E56F259}.Release|x64.ActiveCfg = Release|x64
		{032FE977-B4E1-4D18-9FAD-7E3C3E56F259}.Release|x64.Build.0 = Release|x64
		{032FE977-B4E1-4D18-9FAD-7E3C3E56F259}.Release|x86.ActiveCfg = Release|Win32
		{032FE977-B4E1-4D18-9FAD-7E3C3E56F259}.Release|x86.Build.0 = Release|Win32
		{EEE294A5-6525-4073-A6A8-8A59F2EEAC3E}.Debug|x64.ActiveCfg = Debug|x64
		{EEE294A5-6525-4073-A6A8-8A59F2EEAC3E}.Debug|x64.Build.0 = Debug|x64
		{EEE294A5-6525-4073-A6A8-8A59F2EEAC3E}.Debug|x86.ActiveCfg = Debug|Win32
		{EEE294A5-6525-4073-A6A8-8A59F2EEAC3E}.Debug|x86.Build.0 = Debug|Win32
		{EEE294A5-6525-4073-A6A8-8A59F2EEAC3E}.Release|x64.ActiveCfg = Release|x64
		{EEE294A5-6525-4073-A6A8-8A59F2EEAC3E}.Release|x64.Build.0 = Release|x64
		{EEE294A5-6525-4073-A6A8-8A59F2EEAC3E}.Release|x86.ActiveCfg = Release|Win32
		{EEE294A5-6525-4073-A6A8-8A59F2EEAC3E}.Release|x86.Build.0 = Release|Win32
		{A9613419-D76E-4549-B285-6CD91B478EEA}.Debug|x64.ActiveCfg = Debug|x64
		{A9613419-D76E-4549-B285-6CD91B478EEA}.Debug|x64.Build.0 = Debug|x64
		{A9613419-D76E-4549-B285-6CD91B478EEA}.Debug|x86.ActiveCfg = Debug|Win32
		{A9613419-D76E-4549-B285-6CD91B478EEA}.Debug|x86.Build.0 = Debug|Win32
		{A9613419-D76E-4549-B285-6CD91B478EEA}.Release|x64.ActiveCfg = Release|x64
		{A9613419-D76E-4549-B285-6CD91B478EEA}.Release|x64.Build.0 = Release|x64
		{A9613419-D76E-4549-B285-6CD91B478EEA}.Release|x86.ActiveCfg = Release|Win32
		{A9613419-D76E-4549-B285-6CD91B478EEA}.Release|x86.Build.0 = Release|Win32
		{658D1BEE-AF38-44D8-BF85-CBE04E29DF8A}.Debug|x64.ActiveCfg = Debug|x64
		{658D1BEE-AF38-44D8-BF85-CBE04E29DF8A}.Debug|x64.Build.0 = Debug|x64
		{658D1BEE-AF38-44D8-BF85-CBE04E29DF8A}.Debug|x86.ActiveCfg = Debug|Win32
		{658D1BEE-AF38-44D8-BF85-CBE04E29DF8A}.Debug|x86.Build.0 = Debug|Win32
		{658D1BEE-AF38-44D8-BF85-CBE04E29DF8A}.Release|x64.ActiveCfg = Release|x64
		{658D1BEE-AF38-44D8-BF85-CBE04E29DF8A}.Release|x64.Build.0 = Release|x64
		{658D1BEE-AF38-44D8-BF85-CBE04E29DF8A}.Release|x86.ActiveCfg = Release|Win32
		{658D1BEE-AF38-44D8-BF85-CBE04E29DF8A}.Release|x86.Build.0 = Release|Win32
		{1CD1EC33-41B0-44EF-9BA3-FA5533B232A5}.Debug|x64.ActiveCfg = Debug|x64
		{1CD1EC33-41B0-44EF-9BA3-FA5533B232A5}.Debug|x64.Build.0 = Debug|x64
		{1CD1EC33-41B0-44EF-9BA3-FA5533B232A5}.Debug|x86.ActiveCfg = Debug|Win32
		{1CD1EC33-41B0-44EF-9BA3-FA5533B232A5}.Debug|x86.Build.0 = Debug|Win32
		{1CD1EC33-41B0-44EF-9BA3-FA5533B232A5}.Release|x64.ActiveCfg = Release|x64
		{1CD1EC33-41B0-44EF-9BA3-FA5533B232A5}.Release|x64.Build.0 = Release|x64
		{1CD1EC33-41B0-44EF-9BA3-FA5533B232A5}.Release|x86.ActiveCfg = Release|Win32
		{1CD1EC33-41B0-44EF-9BA3-FA5533B232A5}.Release|x86.Build.0 = Release|Win32
		{A98FA869-2758-47DE-9CE5-C1CFCDA75DE7}.Debug|x64.ActiveCfg = Debug|x64
		{A98FA869-2758-47DE-9CE5-C1CFCDA75DE7}.Debug|x64.Build.0 = Debug|x64
		{A98FA869-2758-47DE-9CE5-C1CFCDA75DE7}.Debug|x86.ActiveCfg = Debug|Win32
		{A98FA869-2758-47DE-9CE5-C1CFCDA75DE7}.Debug|x86.Build.0 = Debug|Win32
		{A98FA869-2758-47DE-9CE5-C1CFCDA75DE7}.Release|x64.ActiveCfg = Release|x64
		{A98FA869-2758-47DE-9CE5-C1CFCDA75DE7}.Release|x64.Build.0 = Release|x64
		{A98FA869-2758-47DE-9CE5-C1CFCDA75DE7}.Release|x86.ActiveCfg = Release|Win32
		{A98FA869-2758-47DE-9CE5-C1CFCDA75DE7}.Release|x86.Build.0 = Release|Win32
	EndGlobalSection
	GlobalSection(SolutionProperties) = preSolution
		HideSolutionNode = FALSE
	EndGlobalSection
	GlobalSection(ExtensibilityGlobals) = postSolution
		SolutionGuid = {5759C666-C128-4C42-B4A9-CD89F47D43B1}
	EndGlobalSection
EndGlobal
